{
  "version": 4,
  "terraform_version": "1.3.9",
  "serial": 251,
  "lineage": "b011e771-617d-547e-416c-b80c6aae5a0f",
  "outputs": {},
  "resources": [
    {
      "mode": "data",
      "type": "archive_file",
      "name": "sns_handler",
      "provider": "provider[\"registry.terraform.io/hashicorp/archive\"]",
      "instances": [
        {
          "schema_version": 0,
          "attributes": {
            "exclude_symlink_directories": null,
            "excludes": null,
            "id": "ac548b51c9bacdc6f488b1c04a7f47fcdf186e51",
            "output_base64sha256": "vFNPkS4NcNtxJr323MR/4y8GJzI7MGxl6IXPR523gMc=",
            "output_base64sha512": "rNxfTg++1uqg/AMSupTEJ+YSj39LJPfStkZh8dko9t/Ya7/vxnENJ0SoyasLhamvxj3PEU0SKIhGPbtjkBwPoA==",
            "output_file_mode": null,
            "output_md5": "cab065632810f2d3c4a20fd1f727788e",
            "output_path": "./sns.zip",
            "output_sha": "ac548b51c9bacdc6f488b1c04a7f47fcdf186e51",
            "output_sha256": "bc534f912e0d70db7126bdf6dcc47fe32f0627323b306c65e885cf479db780c7",
            "output_sha512": "acdc5f4e0fbed6eaa0fc0312ba94c427e6128f7f4b24f7d2b64661f1d928f6dfd86bbfefc6710d2744a8c9ab0b85a9afc63dcf114d122888463dbb63901c0fa0",
            "output_size": 274,
            "source": [
              {
                "content": "exports.handler = function(event, context, callback) { var message = event.Records[0].Sns.Message; console.log('Message received from SNS:', message); callback(null, 'Success');};",
                "filename": "index.js"
              }
            ],
            "source_content": null,
            "source_content_filename": null,
            "source_dir": null,
            "source_file": null,
            "type": "zip"
          },
          "sensitive_attributes": []
        }
      ]
    },
    {
      "mode": "managed",
      "type": "aws_lambda_alias",
      "name": "publisher",
      "provider": "provider[\"registry.terraform.io/hashicorp/aws\"]",
      "instances": [
        {
          "schema_version": 0,
          "attributes": {
            "arn": "arn:aws:lambda:us-east-1:490167669940:function:saasxl_publisher:prod",
            "description": "",
            "function_name": "saasxl_publisher",
            "function_version": "$LATEST",
            "id": "arn:aws:lambda:us-east-1:490167669940:function:saasxl_publisher:prod",
            "invoke_arn": "arn:aws:apigateway:us-east-1:lambda:path/2015-03-31/functions/arn:aws:lambda:us-east-1:490167669940:function:saasxl_publisher:prod/invocations",
            "name": "prod",
            "routing_config": []
          },
          "sensitive_attributes": [],
          "private": "bnVsbA==",
          "dependencies": [
            "data.archive_file.sns_handler",
            "module.lambda.aws_cloudwatch_log_group.lambda",
            "module.lambda.aws_iam_role.lambda",
            "module.lambda.aws_lambda_function.lambda",
            "module.lambda.aws_lambda_function.lambda_external_lifecycle",
            "module.lambda.data.aws_iam_policy_document.assume_role_policy",
            "module.lambda.data.aws_region.current"
          ]
        }
      ]
    },
    {
      "mode": "managed",
      "type": "aws_sns_topic",
      "name": "topic_1",
      "provider": "provider[\"registry.terraform.io/hashicorp/aws\"]",
      "instances": [
        {
          "schema_version": 0,
          "attributes": {
            "application_failure_feedback_role_arn": "",
            "application_success_feedback_role_arn": "",
            "application_success_feedback_sample_rate": 0,
            "archive_policy": "",
            "arn": "arn:aws:sns:us-east-1:490167669940:publisher-sns-topic-2",
            "beginning_archive_time": "",
            "content_based_deduplication": false,
            "delivery_policy": "",
            "display_name": "",
            "fifo_topic": false,
            "firehose_failure_feedback_role_arn": "",
            "firehose_success_feedback_role_arn": "",
            "firehose_success_feedback_sample_rate": 0,
            "http_failure_feedback_role_arn": "",
            "http_success_feedback_role_arn": "",
            "http_success_feedback_sample_rate": 0,
            "id": "arn:aws:sns:us-east-1:490167669940:publisher-sns-topic-2",
            "kms_master_key_id": "alias/aws/sns",
            "lambda_failure_feedback_role_arn": "",
            "lambda_success_feedback_role_arn": "",
            "lambda_success_feedback_sample_rate": 0,
            "name": "publisher-sns-topic-2",
            "name_prefix": "",
            "owner": "490167669940",
            "policy": "{\"Id\":\"__default_policy_ID\",\"Statement\":[{\"Action\":[\"SNS:GetTopicAttributes\",\"SNS:SetTopicAttributes\",\"SNS:AddPermission\",\"SNS:RemovePermission\",\"SNS:DeleteTopic\",\"SNS:Subscribe\",\"SNS:ListSubscriptionsByTopic\",\"SNS:Publish\"],\"Condition\":{\"StringEquals\":{\"AWS:SourceOwner\":\"490167669940\"}},\"Effect\":\"Allow\",\"Principal\":{\"AWS\":\"*\"},\"Resource\":\"arn:aws:sns:us-east-1:490167669940:publisher-sns-topic-2\",\"Sid\":\"__default_statement_ID\"}],\"Version\":\"2008-10-17\"}",
            "signature_version": 0,
            "sqs_failure_feedback_role_arn": "",
            "sqs_success_feedback_role_arn": "",
            "sqs_success_feedback_sample_rate": 0,
            "tags": null,
            "tags_all": {},
            "tracing_config": ""
          },
          "sensitive_attributes": [],
          "private": "bnVsbA=="
        }
      ]
    },
    {
      "module": "module.lambda",
      "mode": "data",
      "type": "aws_caller_identity",
      "name": "current",
      "provider": "provider[\"registry.terraform.io/hashicorp/aws\"]",
      "instances": [
        {
          "schema_version": 0,
          "attributes": {
            "account_id": "490167669940",
            "arn": "arn:aws:sts::490167669940:assumed-role/AWSReservedSSO_PowerUser_85290a67d1a90889/vijay.poola@cloud4c.com",
            "id": "490167669940",
            "user_id": "AROAXEICFCS2N4FJX66HL:vijay.poola@cloud4c.com"
          },
          "sensitive_attributes": []
        }
      ]
    },
    {
      "module": "module.lambda",
      "mode": "data",
      "type": "aws_iam_policy_document",
      "name": "assume_role_policy",
      "provider": "provider[\"registry.terraform.io/hashicorp/aws\"]",
      "instances": [
        {
          "schema_version": 0,
          "attributes": {
            "id": "2690255455",
            "json": "{\n  \"Version\": \"2012-10-17\",\n  \"Statement\": [\n    {\n      \"Effect\": \"Allow\",\n      \"Action\": \"sts:AssumeRole\",\n      \"Principal\": {\n        \"Service\": \"lambda.amazonaws.com\"\n      }\n    }\n  ]\n}",
            "override_policy_documents": null,
            "policy_id": null,
            "source_policy_documents": null,
            "statement": [
              {
                "actions": [
                  "sts:AssumeRole"
                ],
                "condition": [],
                "effect": "Allow",
                "not_actions": [],
                "not_principals": [],
                "not_resources": [],
                "principals": [
                  {
                    "identifiers": [
                      "lambda.amazonaws.com"
                    ],
                    "type": "Service"
                  }
                ],
                "resources": [],
                "sid": ""
              }
            ],
            "version": "2012-10-17"
          },
          "sensitive_attributes": []
        }
      ]
    },
    {
      "module": "module.lambda",
      "mode": "data",
      "type": "aws_iam_policy_document",
      "name": "logs",
      "provider": "provider[\"registry.terraform.io/hashicorp/aws\"]",
      "instances": [
        {
          "index_key": 0,
          "schema_version": 0,
          "attributes": {
            "id": "1659925245",
            "json": "{\n  \"Version\": \"2012-10-17\",\n  \"Statement\": [\n    {\n      \"Effect\": \"Allow\",\n      \"Action\": [\n        \"logs:PutLogEvents\",\n        \"logs:CreateLogStream\"\n      ],\n      \"Resource\": \"arn:aws:logs:us-east-1:490167669940:log-group:/aws/lambda/saasxl_publisher:*\"\n    }\n  ]\n}",
            "override_policy_documents": null,
            "policy_id": null,
            "source_policy_documents": null,
            "statement": [
              {
                "actions": [
                  "logs:CreateLogStream",
                  "logs:PutLogEvents"
                ],
                "condition": [],
                "effect": "Allow",
                "not_actions": [],
                "not_principals": [],
                "not_resources": [],
                "principals": [],
                "resources": [
                  "arn:aws:logs:us-east-1:490167669940:log-group:/aws/lambda/saasxl_publisher:*"
                ],
                "sid": ""
              }
            ],
            "version": "2012-10-17"
          },
          "sensitive_attributes": []
        }
      ]
    },
    {
      "module": "module.lambda",
      "mode": "data",
      "type": "aws_partition",
      "name": "current",
      "provider": "provider[\"registry.terraform.io/hashicorp/aws\"]",
      "instances": [
        {
          "schema_version": 0,
          "attributes": {
            "dns_suffix": "amazonaws.com",
            "id": "aws",
            "partition": "aws",
            "reverse_dns_prefix": "com.amazonaws"
          },
          "sensitive_attributes": []
        }
      ]
    },
    {
      "module": "module.lambda",
      "mode": "data",
      "type": "aws_region",
      "name": "current",
      "provider": "provider[\"registry.terraform.io/hashicorp/aws\"]",
      "instances": [
        {
          "schema_version": 0,
          "attributes": {
            "description": "US East (N. Virginia)",
            "endpoint": "ec2.us-east-1.amazonaws.com",
            "id": "us-east-1",
            "name": "us-east-1"
          },
          "sensitive_attributes": []
        }
      ]
    },
    {
      "module": "module.lambda",
      "mode": "managed",
      "type": "aws_cloudwatch_log_group",
      "name": "lambda",
      "provider": "provider[\"registry.terraform.io/hashicorp/aws\"]",
      "instances": [
        {
          "schema_version": 0,
          "attributes": {
            "arn": "arn:aws:logs:us-east-1:490167669940:log-group:/aws/lambda/saasxl_publisher",
            "id": "/aws/lambda/saasxl_publisher",
            "kms_key_id": "",
            "log_group_class": "STANDARD",
            "name": "/aws/lambda/saasxl_publisher",
            "name_prefix": "",
            "retention_in_days": 0,
            "skip_destroy": false,
            "tags": null,
            "tags_all": {}
          },
          "sensitive_attributes": [],
          "private": "bnVsbA=="
        }
      ]
    },
    {
      "module": "module.lambda",
      "mode": "managed",
      "type": "aws_iam_policy",
      "name": "logs",
      "provider": "provider[\"registry.terraform.io/hashicorp/aws\"]",
      "instances": [
        {
          "index_key": 0,
          "schema_version": 0,
          "attributes": {
            "arn": "arn:aws:iam::490167669940:policy/saasxl_publisher-logs-us-east-1",
            "description": "Provides minimum CloudWatch Logs write permissions.",
            "id": "arn:aws:iam::490167669940:policy/saasxl_publisher-logs-us-east-1",
            "name": "saasxl_publisher-logs-us-east-1",
            "name_prefix": "",
            "path": "/",
            "policy": "{\"Statement\":[{\"Action\":[\"logs:PutLogEvents\",\"logs:CreateLogStream\"],\"Effect\":\"Allow\",\"Resource\":\"arn:aws:logs:us-east-1:490167669940:log-group:/aws/lambda/saasxl_publisher:*\"}],\"Version\":\"2012-10-17\"}",
            "policy_id": "ANPAXEICFCS2MK4IAYSAE",
            "tags": null,
            "tags_all": {}
          },
          "sensitive_attributes": [],
          "private": "bnVsbA==",
          "dependencies": [
            "module.lambda.aws_cloudwatch_log_group.lambda",
            "module.lambda.data.aws_iam_policy_document.logs",
            "module.lambda.data.aws_region.current"
          ]
        }
      ]
    },
    {
      "module": "module.lambda",
      "mode": "managed",
      "type": "aws_iam_role",
      "name": "lambda",
      "provider": "provider[\"registry.terraform.io/hashicorp/aws\"]",
      "instances": [
        {
          "schema_version": 0,
          "attributes": {
            "arn": "arn:aws:iam::490167669940:role/saasxl_publisher-us-east-1",
            "assume_role_policy": "{\"Statement\":[{\"Action\":\"sts:AssumeRole\",\"Effect\":\"Allow\",\"Principal\":{\"Service\":\"lambda.amazonaws.com\"}}],\"Version\":\"2012-10-17\"}",
            "create_date": "2024-01-27T07:40:59Z",
            "description": "",
            "force_detach_policies": false,
            "id": "saasxl_publisher-us-east-1",
            "inline_policy": [],
            "managed_policy_arns": [],
            "max_session_duration": 3600,
            "name": "saasxl_publisher-us-east-1",
            "name_prefix": "",
            "path": "/",
            "permissions_boundary": "",
            "tags": null,
            "tags_all": {},
            "unique_id": "AROAXEICFCS2EFJYCXXI2"
          },
          "sensitive_attributes": [],
          "private": "bnVsbA==",
          "dependencies": [
            "module.lambda.data.aws_iam_policy_document.assume_role_policy",
            "module.lambda.data.aws_region.current"
          ]
        }
      ]
    },
    {
      "module": "module.lambda",
      "mode": "managed",
      "type": "aws_iam_role_policy_attachment",
      "name": "logs",
      "provider": "provider[\"registry.terraform.io/hashicorp/aws\"]",
      "instances": [
        {
          "index_key": 0,
          "schema_version": 0,
          "attributes": {
            "id": "saasxl_publisher-us-east-1-20240127074104135400000001",
            "policy_arn": "arn:aws:iam::490167669940:policy/saasxl_publisher-logs-us-east-1",
            "role": "saasxl_publisher-us-east-1"
          },
          "sensitive_attributes": [],
          "private": "bnVsbA==",
          "dependencies": [
            "module.lambda.aws_cloudwatch_log_group.lambda",
            "module.lambda.aws_iam_policy.logs",
            "module.lambda.aws_iam_role.lambda",
            "module.lambda.data.aws_iam_policy_document.assume_role_policy",
            "module.lambda.data.aws_iam_policy_document.logs",
            "module.lambda.data.aws_region.current"
          ]
        }
      ]
    },
    {
      "module": "module.lambda",
      "mode": "managed",
      "type": "aws_lambda_function",
      "name": "lambda",
      "provider": "provider[\"registry.terraform.io/hashicorp/aws\"]",
      "instances": [
        {
          "index_key": 0,
          "schema_version": 0,
          "attributes": {
            "architectures": [
              "x86_64"
            ],
            "arn": "arn:aws:lambda:us-east-1:490167669940:function:saasxl_publisher",
            "code_signing_config_arn": "",
            "dead_letter_config": [],
            "description": "Example usage for an AWS Lambda with a SNS event trigger.",
            "environment": [],
            "ephemeral_storage": [
              {
                "size": 512
              }
            ],
            "file_system_config": [],
            "filename": "./sns.zip",
            "function_name": "saasxl_publisher",
            "handler": "index.handler",
            "id": "saasxl_publisher",
            "image_config": [],
            "image_uri": "",
            "invoke_arn": "arn:aws:apigateway:us-east-1:lambda:path/2015-03-31/functions/arn:aws:lambda:us-east-1:490167669940:function:saasxl_publisher/invocations",
            "kms_key_arn": "",
            "last_modified": "2024-01-27T07:41:08.277+0000",
            "layers": [],
            "logging_config": [
              {
                "application_log_level": "",
                "log_format": "Text",
                "log_group": "/aws/lambda/saasxl_publisher",
                "system_log_level": ""
              }
            ],
            "memory_size": 128,
            "package_type": "Zip",
            "publish": false,
            "qualified_arn": "arn:aws:lambda:us-east-1:490167669940:function:saasxl_publisher:$LATEST",
            "qualified_invoke_arn": "arn:aws:apigateway:us-east-1:lambda:path/2015-03-31/functions/arn:aws:lambda:us-east-1:490167669940:function:saasxl_publisher:$LATEST/invocations",
            "replace_security_groups_on_destroy": null,
            "replacement_security_group_ids": null,
            "reserved_concurrent_executions": -1,
            "role": "arn:aws:iam::490167669940:role/saasxl_publisher-us-east-1",
            "runtime": "java17",
            "s3_bucket": null,
            "s3_key": null,
            "s3_object_version": null,
            "signing_job_arn": "",
            "signing_profile_version_arn": "",
            "skip_destroy": false,
            "snap_start": [],
            "source_code_hash": "vFNPkS4NcNtxJr323MR/4y8GJzI7MGxl6IXPR523gMc=",
            "source_code_size": 274,
            "tags": null,
            "tags_all": {},
            "timeout": 3,
            "timeouts": null,
            "tracing_config": [
              {
                "mode": "PassThrough"
              }
            ],
            "version": "$LATEST",
            "vpc_config": []
          },
          "sensitive_attributes": [],
          "private": "eyJlMmJmYjczMC1lY2FhLTExZTYtOGY4OC0zNDM2M2JjN2M0YzAiOnsiY3JlYXRlIjo2MDAwMDAwMDAwMDAsImRlbGV0ZSI6NjAwMDAwMDAwMDAwLCJ1cGRhdGUiOjYwMDAwMDAwMDAwMH19",
          "dependencies": [
            "data.archive_file.sns_handler",
            "module.lambda.aws_cloudwatch_log_group.lambda",
            "module.lambda.aws_iam_role.lambda",
            "module.lambda.data.aws_iam_policy_document.assume_role_policy",
            "module.lambda.data.aws_region.current"
          ]
        }
      ]
    },
    {
      "module": "module.lambda",
      "mode": "managed",
      "type": "aws_lambda_permission",
      "name": "sns",
      "provider": "provider[\"registry.terraform.io/hashicorp/aws\"]",
      "instances": [
        {
          "index_key": "topic_1",
          "schema_version": 0,
          "attributes": {
            "action": "lambda:InvokeFunction",
            "event_source_token": null,
            "function_name": "saasxl_publisher",
            "function_url_auth_type": null,
            "id": "terraform-20240127074104426500000002",
            "principal": "sns.amazonaws.com",
            "principal_org_id": null,
            "qualifier": "",
            "source_account": null,
            "source_arn": "arn:aws:sns:us-east-1:490167669940:publisher-sns-topic-2",
            "statement_id": "terraform-20240127074104426500000002",
            "statement_id_prefix": "terraform-"
          },
          "sensitive_attributes": [],
          "private": "bnVsbA==",
          "dependencies": [
            "aws_sns_topic.topic_1",
            "module.lambda.data.aws_caller_identity.current",
            "module.lambda.data.aws_partition.current",
            "module.lambda.data.aws_region.current"
          ]
        }
      ]
    },
    {
      "module": "module.lambda",
      "mode": "managed",
      "type": "aws_sns_topic_subscription",
      "name": "subscription",
      "provider": "provider[\"registry.terraform.io/hashicorp/aws\"]",
      "instances": [
        {
          "index_key": "topic_1",
          "schema_version": 0,
          "attributes": {
            "arn": "arn:aws:sns:us-east-1:490167669940:publisher-sns-topic-2:f4ecafdb-7983-44fa-8c5a-5de009d6a8ca",
            "confirmation_timeout_in_minutes": 1,
            "confirmation_was_authenticated": true,
            "delivery_policy": "",
            "endpoint": "arn:aws:lambda:us-east-1:490167669940:function:saasxl_publisher",
            "endpoint_auto_confirms": false,
            "filter_policy": "",
            "filter_policy_scope": "",
            "id": "arn:aws:sns:us-east-1:490167669940:publisher-sns-topic-2:f4ecafdb-7983-44fa-8c5a-5de009d6a8ca",
            "owner_id": "490167669940",
            "pending_confirmation": false,
            "protocol": "lambda",
            "raw_message_delivery": false,
            "redrive_policy": "",
            "replay_policy": "",
            "subscription_role_arn": "",
            "topic_arn": "arn:aws:sns:us-east-1:490167669940:publisher-sns-topic-2"
          },
          "sensitive_attributes": [],
          "private": "bnVsbA==",
          "dependencies": [
            "aws_sns_topic.topic_1",
            "module.lambda.data.aws_caller_identity.current",
            "module.lambda.data.aws_partition.current",
            "module.lambda.data.aws_region.current"
          ]
        }
      ]
    }
  ],
  "check_results": null
}
